Microsoft Visual Studio Solution File, Format Version 12.00
# Visual Studio Version 17
VisualStudioVersion = 17.13.35825.156
MinimumVisualStudioVersion = 10.0.40219.1
Project("{FAE04EC0-301F-11D3-BF4B-00C04F79EFBC}") = "QueensPuzzle", "QueensPuzzle\QueensPuzzle.csproj", "{351A219B-2869-4706-94BC-30EE594D0F04}"
EndProject
Global
	GlobalSection(SolutionConfigurationPlatforms) = preSolution
		Debug|Any CPU = Debug|Any CPU
		Release|Any CPU = Release|Any CPU
	EndGlobalSection
	GlobalSection(ProjectConfigurationPlatforms) = postSolution
		{351A219B-2869-4706-94BC-30EE594D0F04}.Debug|Any CPU.ActiveCfg = Debug|Any CPU
		{351A219B-2869-4706-94BC-30EE594D0F04}.Debug|Any CPU.Build.0 = Debug|Any CPU
		{351A219B-2869-4706-94BC-30EE594D0F04}.Release|Any CPU.ActiveCfg = Release|Any CPU
		{351A219B-2869-4706-94BC-30EE594D0F04}.Release|Any CPU.Build.0 = Release|Any CPU
	EndGlobalSection
	GlobalSection(SolutionProperties) = preSolution
		HideSolutionNode = FALSE
	EndGlobalSection
	GlobalSection(ExtensibilityGlobals) = postSolution
		SolutionGuid = {05623A63-9762-45C8-A607-78F912A52677}
	EndGlobalSection
EndGlobal
